
Microsoft Visual Studio Solution File, Format Version 12.00
# Visual Studio 15
VisualStudioVersion = 15.0.28307.168
MinimumVisualStudioVersion = 10.0.40219.1
Project("{FAE04EC0-301F-11D3-BF4B-00C04F79EFBC}") = "ServiceBusSender", "ServiceBusSender\ServiceBusSender.csproj", "{086ACE03-3CBB-4BA8-8299-CBFDB385A5C2}"
EndProject
Global
	GlobalSection(SolutionConfigurationPlatforms) = preSolution
		Debug|Any CPU = Debug|Any CPU
		Release|Any CPU = Release|Any CPU
	EndGlobalSection
	GlobalSection(ProjectConfigurationPlatforms) = postSolution
		{086ACE03-3CBB-4BA8-8299-CBFDB385A5C2}.Debug|Any CPU.ActiveCfg = Debug|Any CPU
		{086ACE03-3CBB-4BA8-8299-CBFDB385A5C2}.Debug|Any CPU.Build.0 = Debug|Any CPU
		{086ACE03-3CBB-4BA8-8299-CBFDB385A5C2}.Release|Any CPU.ActiveCfg = Release|Any CPU
		{086ACE03-3CBB-4BA8-8299-CBFDB385A5C2}.Release|Any CPU.Build.0 = Release|Any CPU
	EndGlobalSection
	GlobalSection(SolutionProperties) = preSolution
		HideSolutionNode = FALSE
	EndGlobalSection
	GlobalSection(ExtensibilityGlobals) = postSolution
		SolutionGuid = {B710FE28-E436-41DA-B753-A858AC35CD17}
	EndGlobalSection
EndGlobal
